
Microsoft Visual Studio Solution File, Format Version 12.00
# Visual Studio Version 17
VisualStudioVersion = 17.13.35825.156 d17.13
MinimumVisualStudioVersion = 10.0.40219.1
Project("{FAE04EC0-301F-11D3-BF4B-00C04F79EFBC}") = "IntroCsharpBackend", "IntroCsharpBackend\IntroCsharpBackend.csproj", "{3A3B4BF8-742F-4C93-A865-9AC24D4A432D}"
EndProject
Global
	GlobalSection(SolutionConfigurationPlatforms) = preSolution
		Debug|Any CPU = Debug|Any CPU
		Release|Any CPU = Release|Any CPU
	EndGlobalSection
	GlobalSection(ProjectConfigurationPlatforms) = postSolution
		{3A3B4BF8-742F-4C93-A865-9AC24D4A432D}.Debug|Any CPU.ActiveCfg = Debug|Any CPU
		{3A3B4BF8-742F-4C93-A865-9AC24D4A432D}.Debug|Any CPU.Build.0 = Debug|Any CPU
		{3A3B4BF8-742F-4C93-A865-9AC24D4A432D}.Release|Any CPU.ActiveCfg = Release|Any CPU
		{3A3B4BF8-742F-4C93-A865-9AC24D4A432D}.Release|Any CPU.Build.0 = Release|Any CPU
	EndGlobalSection
	GlobalSection(SolutionProperties) = preSolution
		HideSolutionNode = FALSE
	EndGlobalSection
	GlobalSection(ExtensibilityGlobals) = postSolution
		SolutionGuid = {2A62B6E9-BC0F-4433-A7DC-7612121FE785}
	EndGlobalSection
EndGlobal
